<?xml version="1.0" encoding="utf-8"?>
<Project ToolsVersion="4.0" xmlns="http://schemas.microsoft.com/developer/msbuild/2003">
  <ItemGroup>
    <Filter Include="Config">
      <UniqueIdentifier>{5898aaee-4557-4207-9e27-af7cd05052cd}</UniqueIdentifier>
    </Filter>
    <Filter Include="Base">
      <UniqueIdentifier>{f9e9e308-f9f1-45b8-a080-d3d711659b03}</UniqueIdentifier>
    </Filter>
    <Filter Include="Encrypt">
      <UniqueIdentifier>{eb462928-4c57-4e40-a854-a6cf3c0e9229}</UniqueIdentifier>
    </Filter>
    <Filter Include="DataBase">
      <UniqueIdentifier>{308debb4-45c8-4962-90ca-f71013c9ce31}</UniqueIdentifier>
    </Filter>
    <Filter Include="DataBase\MySQL">
      <UniqueIdentifier>{7262e064-13d0-49ff-84a4-9993247a7778}</UniqueIdentifier>
    </Filter>
    <Filter Include="DataBase\Sqlite3">
      <UniqueIdentifier>{2398bb8b-978b-4e4a-9cea-fbc3e27faed9}</UniqueIdentifier>
    </Filter>
    <Filter Include="Lua">
      <UniqueIdentifier>{07e962fb-d36f-4b24-a3f9-965efaa12fad}</UniqueIdentifier>
    </Filter>
    <Filter Include="Encrypt\RSA">
      <UniqueIdentifier>{b8c098ef-c0fc-433b-9ea2-23e3c5840b9d}</UniqueIdentifier>
    </Filter>
    <Filter Include="Encrypt\AES">
      <UniqueIdentifier>{7678bc8b-2e13-4b18-b148-de955e7cd35f}</UniqueIdentifier>
    </Filter>
    <Filter Include="Encrypt\AES\rijndael">
      <UniqueIdentifier>{d70695a5-72c0-4c44-bfaf-43e84b06513e}</UniqueIdentifier>
    </Filter>
    <Filter Include="Encrypt\MD5">
      <UniqueIdentifier>{a9592930-a07e-44cc-8d92-750d782c48c3}</UniqueIdentifier>
    </Filter>
    <Filter Include="Encrypt\Base64">
      <UniqueIdentifier>{15675f69-4db2-48c0-88d7-48064afa894e}</UniqueIdentifier>
    </Filter>
    <Filter Include="Encrypt\RSA\RSAEuro">
      <UniqueIdentifier>{50273d25-6062-4753-a3f0-8328a40ae0c3}</UniqueIdentifier>
    </Filter>
    <Filter Include="Base\Thread">
      <UniqueIdentifier>{153b3991-da49-47f9-8c2d-a7f566a46335}</UniqueIdentifier>
    </Filter>
    <Filter Include="Base\OS">
      <UniqueIdentifier>{448db666-d984-45e5-9408-0c6d1f273a15}</UniqueIdentifier>
    </Filter>
    <Filter Include="Arithmetic">
      <UniqueIdentifier>{f286f5fc-5259-461c-8132-39c66b01a145}</UniqueIdentifier>
    </Filter>
    <Filter Include="Lua\LuaBridge">
      <UniqueIdentifier>{51697bb9-54b9-43f8-83ec-f050bb0797ed}</UniqueIdentifier>
    </Filter>
    <Filter Include="Lua\LuaBridge\detail">
      <UniqueIdentifier>{7c7bb3c1-1a41-4d2e-bd46-f158a2e8ed1c}</UniqueIdentifier>
    </Filter>
    <Filter Include="Lua\lua5.2">
      <UniqueIdentifier>{de1fdfaa-7eab-48f9-8388-c871adab3338}</UniqueIdentifier>
    </Filter>
    <Filter Include="Base\NetWork">
      <UniqueIdentifier>{235cf100-e459-4b53-97e8-2239e611a770}</UniqueIdentifier>
    </Filter>
    <Filter Include="Lua\LuaCJson">
      <UniqueIdentifier>{d53173ae-655f-44bb-be45-26e8d8fe161d}</UniqueIdentifier>
    </Filter>
    <Filter Include="Lua\LuaSql">
      <UniqueIdentifier>{8a8042ed-e0a5-4904-bdc7-a33fa93b6010}</UniqueIdentifier>
    </Filter>
    <Filter Include="Lua\Lpeg">
      <UniqueIdentifier>{9c2709c4-2399-4aee-85b1-19d0c7031654}</UniqueIdentifier>
    </Filter>
    <Filter Include="Lua\pbc">
      <UniqueIdentifier>{a879763a-9efa-4eaf-9880-1ecf38091c2f}</UniqueIdentifier>
    </Filter>
    <Filter Include="Encrypt\Sha1">
      <UniqueIdentifier>{3cd8ae53-c8a5-41a4-86f2-769722eae2d5}</UniqueIdentifier>
    </Filter>
    <Filter Include="Service">
      <UniqueIdentifier>{404438f3-ebef-4875-892f-fc55bf3556c5}</UniqueIdentifier>
    </Filter>
    <Filter Include="Lua\LuaSocket">
      <UniqueIdentifier>{1de284e5-f58f-4bf7-98bc-996529a73b25}</UniqueIdentifier>
    </Filter>
    <Filter Include="Base\NetWork\Protocol">
      <UniqueIdentifier>{02632629-b64f-475b-bd79-cde93b3e1443}</UniqueIdentifier>
    </Filter>
    <Filter Include="Base\Common">
      <UniqueIdentifier>{b87b69ea-62c4-48dc-8b42-f98242eafd87}</UniqueIdentifier>
    </Filter>
    <Filter Include="Service\TimerTrigger">
      <UniqueIdentifier>{4a246d20-2cac-4cd4-8b5a-1a8706e25b74}</UniqueIdentifier>
    </Filter>
    <Filter Include="Encrypt\zlib">
      <UniqueIdentifier>{c432d7fd-66be-4ecb-8bd1-330b0294fb77}</UniqueIdentifier>
    </Filter>
    <Filter Include="Base\NetWork\HttpClient">
      <UniqueIdentifier>{99521b8f-68cc-4813-88e9-f359559c738a}</UniqueIdentifier>
    </Filter>
    <Filter Include="Service\Mail">
      <UniqueIdentifier>{e6bf2902-a96f-49a4-abac-07067a9a0e03}</UniqueIdentifier>
    </Filter>
    <Filter Include="Service\Mail\jwsmtp">
      <UniqueIdentifier>{7db6d579-1b4b-4248-9572-2854da60f124}</UniqueIdentifier>
    </Filter>
    <Filter Include="Service\Log">
      <UniqueIdentifier>{b3df48a5-bdca-4ac2-b522-16c115184e62}</UniqueIdentifier>
    </Filter>
    <Filter Include="Service\Server">
      <UniqueIdentifier>{118d26f3-5d85-4967-a364-a56c0c97b4e5}</UniqueIdentifier>
    </Filter>
    <Filter Include="Service\Server\Session">
      <UniqueIdentifier>{253f895c-a984-435e-9251-e88f62fd05df}</UniqueIdentifier>
    </Filter>
    <Filter Include="Service\Server\Worker">
      <UniqueIdentifier>{b96add17-3e73-4002-a1ad-6b525a6de1f9}</UniqueIdentifier>
    </Filter>
    <Filter Include="Base\OS\sigar">
      <UniqueIdentifier>{32744d5e-66af-4946-9f07-c27b41f9bf74}</UniqueIdentifier>
    </Filter>
    <Filter Include="Base\Common\File">
      <UniqueIdentifier>{4f20bb3f-d230-461c-a9cd-3ddd3616d392}</UniqueIdentifier>
    </Filter>
    <Filter Include="Base\Common\String">
      <UniqueIdentifier>{2ae4bd92-1144-4078-86c0-9b7723b80d98}</UniqueIdentifier>
    </Filter>
    <Filter Include="Base\Common\String\uchardet">
      <UniqueIdentifier>{fd4f9b32-6eb8-4a84-aae0-be5e5d4fcf6a}</UniqueIdentifier>
    </Filter>
    <Filter Include="Base\Common\Time">
      <UniqueIdentifier>{2e216f79-c666-4746-bd71-bacf6dc3793d}</UniqueIdentifier>
    </Filter>
    <Filter Include="Base\DataParser">
      <UniqueIdentifier>{64b5ffb8-5d65-4e1d-a1ee-8cdcc4a8f18d}</UniqueIdentifier>
    </Filter>
    <Filter Include="Base\DataParser\Jsoncpp">
      <UniqueIdentifier>{69a9e30c-4e4f-4f48-a3e9-f766fd9a929e}</UniqueIdentifier>
    </Filter>
    <Filter Include="Base\DataParser\Xml">
      <UniqueIdentifier>{f105553c-0760-42a5-ba63-508fdead5be6}</UniqueIdentifier>
    </Filter>
    <Filter Include="Lua\sigar">
      <UniqueIdentifier>{61fc87b8-67a6-4844-9eeb-0ceb697f1ff4}</UniqueIdentifier>
    </Filter>
    <Filter Include="Base\OS\sigar\win32">
      <UniqueIdentifier>{29de7b98-c4c4-4825-979c-48dc556b9f5e}</UniqueIdentifier>
    </Filter>
    <Filter Include="Lua\LuaFileSystem">
      <UniqueIdentifier>{edfd274c-95e3-4a92-b4b4-1248a85aba55}</UniqueIdentifier>
    </Filter>
  </ItemGroup>
  <ItemGroup>
    <ClInclude Include="Config.h">
      <Filter>Config</Filter>
    </ClInclude>
    <ClInclude Include="ErrorCode.h">
      <Filter>Config</Filter>
    </ClInclude>
    <ClInclude Include="Include.h">
      <Filter>Config</Filter>
    </ClInclude>
    <ClInclude Include="Macros.h">
      <Filter>Config</Filter>
    </ClInclude>
    <ClInclude Include="Version.h">
      <Filter>Config</Filter>
    </ClInclude>
    <ClInclude Include="Log.h">
      <Filter>Service\Log</Filter>
    </ClInclude>
    <ClInclude Include="pugixml\pugiconfig.hpp">
      <Filter>Base\DataParser\Xml</Filter>
    </ClInclude>
    <ClInclude Include="pugixml\pugixml.hpp">
      <Filter>Base\DataParser\Xml</Filter>
    </ClInclude>
    <ClInclude Include="DataBase.h">
      <Filter>DataBase</Filter>
    </ClInclude>
    <ClInclude Include="Sqlite\sqlite3.h">
      <Filter>DataBase\Sqlite3</Filter>
    </ClInclude>
    <ClInclude Include="Sqlite.h">
      <Filter>DataBase\Sqlite3</Filter>
    </ClInclude>
    <ClInclude Include="QMySQL.h">
      <Filter>DataBase\MySQL</Filter>
    </ClInclude>
    <ClInclude Include="QBase.h" />
    <ClInclude Include="Loger.h">
      <Filter>Service\Log</Filter>
    </ClInclude>
    <ClInclude Include="rijndael\rijndael.h">
      <Filter>Encrypt\AES\rijndael</Filter>
    </ClInclude>
    <ClInclude Include="Session.h">
      <Filter>Service\Server\Session</Filter>
    </ClInclude>
    <ClInclude Include="SessionManager.h">
      <Filter>Service\Server\Session</Filter>
    </ClInclude>
    <ClInclude Include="WorkThreadEvent.h">
      <Filter>Service\Server\Worker</Filter>
    </ClInclude>
    <ClInclude Include="RSAKey.h">
      <Filter>Encrypt\RSA</Filter>
    </ClInclude>
    <ClInclude Include="AES.h">
      <Filter>Encrypt\AES</Filter>
    </ClInclude>
    <ClInclude Include="md5.h">
      <Filter>Encrypt\MD5</Filter>
    </ClInclude>
    <ClInclude Include="Base64.h">
      <Filter>Encrypt\Base64</Filter>
    </ClInclude>
    <ClInclude Include="Cond.h">
      <Filter>Base\Thread</Filter>
    </ClInclude>
    <ClInclude Include="Mutex.h">
      <Filter>Base\Thread</Filter>
    </ClInclude>
    <ClInclude Include="RWLock.h">
      <Filter>Base\Thread</Filter>
    </ClInclude>
    <ClInclude Include="Thread.h">
      <Filter>Base\Thread</Filter>
    </ClInclude>
    <ClInclude Include="ThreadPool.h">
      <Filter>Base\Thread</Filter>
    </ClInclude>
    <ClInclude Include="EventBuffer.h">
      <Filter>Base\NetWork</Filter>
    </ClInclude>
    <ClInclude Include="InitSock.h">
      <Filter>Base\NetWork</Filter>
    </ClInclude>
    <ClInclude Include="NETAddr.h">
      <Filter>Base\NetWork</Filter>
    </ClInclude>
    <ClInclude Include="SockPair.h">
      <Filter>Base\NetWork</Filter>
    </ClInclude>
    <ClInclude Include="SockPairEvent.h">
      <Filter>Base\NetWork</Filter>
    </ClInclude>
    <ClInclude Include="OSFunc.h">
      <Filter>Base\OS</Filter>
    </ClInclude>
    <ClInclude Include="Library.h">
      <Filter>Base\OS</Filter>
    </ClInclude>
    <ClInclude Include="CoreDump.h">
      <Filter>Base\OS</Filter>
    </ClInclude>
    <ClInclude Include="UUID.h">
      <Filter>Base\OS</Filter>
    </ClInclude>
    <ClInclude Include="QRSA.h">
      <Filter>Encrypt\RSA</Filter>
    </ClInclude>
    <ClInclude Include="LuaBridge\detail\CFunctions.h">
      <Filter>Lua\LuaBridge\detail</Filter>
    </ClInclude>
    <ClInclude Include="LuaBridge\detail\ClassInfo.h">
      <Filter>Lua\LuaBridge\detail</Filter>
    </ClInclude>
    <ClInclude Include="LuaBridge\detail\Constructor.h">
      <Filter>Lua\LuaBridge\detail</Filter>
    </ClInclude>
    <ClInclude Include="LuaBridge\detail\dump.h">
      <Filter>Lua\LuaBridge\detail</Filter>
    </ClInclude>
    <ClInclude Include="LuaBridge\detail\FuncTraits.h">
      <Filter>Lua\LuaBridge\detail</Filter>
    </ClInclude>
    <ClInclude Include="LuaBridge\detail\Iterator.h">
      <Filter>Lua\LuaBridge\detail</Filter>
    </ClInclude>
    <ClInclude Include="LuaBridge\detail\LuaException.h">
      <Filter>Lua\LuaBridge\detail</Filter>
    </ClInclude>
    <ClInclude Include="LuaBridge\detail\LuaHelpers.h">
      <Filter>Lua\LuaBridge\detail</Filter>
    </ClInclude>
    <ClInclude Include="LuaBridge\detail\LuaRef.h">
      <Filter>Lua\LuaBridge\detail</Filter>
    </ClInclude>
    <ClInclude Include="LuaBridge\detail\Namespace.h">
      <Filter>Lua\LuaBridge\detail</Filter>
    </ClInclude>
    <ClInclude Include="LuaBridge\detail\Stack.h">
      <Filter>Lua\LuaBridge\detail</Filter>
    </ClInclude>
    <ClInclude Include="LuaBridge\detail\TypeList.h">
      <Filter>Lua\LuaBridge\detail</Filter>
    </ClInclude>
    <ClInclude Include="LuaBridge\detail\TypeTraits.h">
      <Filter>Lua\LuaBridge\detail</Filter>
    </ClInclude>
    <ClInclude Include="LuaBridge\detail\Userdata.h">
      <Filter>Lua\LuaBridge\detail</Filter>
    </ClInclude>
    <ClInclude Include="LuaBridge\LuaBridge.h">
      <Filter>Lua\LuaBridge</Filter>
    </ClInclude>
    <ClInclude Include="LuaBridge\RefCountedObject.h">
      <Filter>Lua\LuaBridge</Filter>
    </ClInclude>
    <ClInclude Include="LuaBridge\RefCountedPtr.h">
      <Filter>Lua\LuaBridge</Filter>
    </ClInclude>
    <ClInclude Include="Enum.h">
      <Filter>Config</Filter>
    </ClInclude>
    <ClInclude Include="MMap.h">
      <Filter>Base\OS</Filter>
    </ClInclude>
    <ClInclude Include="uchardet\CharDistribution.h">
      <Filter>Base\Common\String\uchardet</Filter>
    </ClInclude>
    <ClInclude Include="uchardet\JpCntx.h">
      <Filter>Base\Common\String\uchardet</Filter>
    </ClInclude>
    <ClInclude Include="uchardet\nsBig5Prober.h">
      <Filter>Base\Common\String\uchardet</Filter>
    </ClInclude>
    <ClInclude Include="uchardet\nsCharSetProber.h">
      <Filter>Base\Common\String\uchardet</Filter>
    </ClInclude>
    <ClInclude Include="uchardet\nsCodingStateMachine.h">
      <Filter>Base\Common\String\uchardet</Filter>
    </ClInclude>
    <ClInclude Include="uchardet\nscore.h">
      <Filter>Base\Common\String\uchardet</Filter>
    </ClInclude>
    <ClInclude Include="uchardet\nsEscCharsetProber.h">
      <Filter>Base\Common\String\uchardet</Filter>
    </ClInclude>
    <ClInclude Include="uchardet\nsEUCJPProber.h">
      <Filter>Base\Common\String\uchardet</Filter>
    </ClInclude>
    <ClInclude Include="uchardet\nsEUCKRProber.h">
      <Filter>Base\Common\String\uchardet</Filter>
    </ClInclude>
    <ClInclude Include="uchardet\nsEUCTWProber.h">
      <Filter>Base\Common\String\uchardet</Filter>
    </ClInclude>
    <ClInclude Include="uchardet\nsGB2312Prober.h">
      <Filter>Base\Common\String\uchardet</Filter>
    </ClInclude>
    <ClInclude Include="uchardet\nsHebrewProber.h">
      <Filter>Base\Common\String\uchardet</Filter>
    </ClInclude>
    <ClInclude Include="uchardet\nsLatin1Prober.h">
      <Filter>Base\Common\String\uchardet</Filter>
    </ClInclude>
    <ClInclude Include="uchardet\nsMBCSGroupProber.h">
      <Filter>Base\Common\String\uchardet</Filter>
    </ClInclude>
    <ClInclude Include="uchardet\nsPkgInt.h">
      <Filter>Base\Common\String\uchardet</Filter>
    </ClInclude>
    <ClInclude Include="uchardet\nsSBCharSetProber.h">
      <Filter>Base\Common\String\uchardet</Filter>
    </ClInclude>
    <ClInclude Include="uchardet\nsSBCSGroupProber.h">
      <Filter>Base\Common\String\uchardet</Filter>
    </ClInclude>
    <ClInclude Include="uchardet\nsSJISProber.h">
      <Filter>Base\Common\String\uchardet</Filter>
    </ClInclude>
    <ClInclude Include="uchardet\nsUniversalDetector.h">
      <Filter>Base\Common\String\uchardet</Filter>
    </ClInclude>
    <ClInclude Include="uchardet\nsUTF8Prober.h">
      <Filter>Base\Common\String\uchardet</Filter>
    </ClInclude>
    <ClInclude Include="uchardet\prmem.h">
      <Filter>Base\Common\String\uchardet</Filter>
    </ClInclude>
    <ClInclude Include="uchardet\uchardet.h">
      <Filter>Base\Common\String\uchardet</Filter>
    </ClInclude>
    <ClInclude Include="lua5.2\lapi.h">
      <Filter>Lua\lua5.2</Filter>
    </ClInclude>
    <ClInclude Include="lua5.2\lauxlib.h">
      <Filter>Lua\lua5.2</Filter>
    </ClInclude>
    <ClInclude Include="lua5.2\lcode.h">
      <Filter>Lua\lua5.2</Filter>
    </ClInclude>
    <ClInclude Include="lua5.2\lctype.h">
      <Filter>Lua\lua5.2</Filter>
    </ClInclude>
    <ClInclude Include="lua5.2\ldebug.h">
      <Filter>Lua\lua5.2</Filter>
    </ClInclude>
    <ClInclude Include="lua5.2\ldo.h">
      <Filter>Lua\lua5.2</Filter>
    </ClInclude>
    <ClInclude Include="lua5.2\lfunc.h">
      <Filter>Lua\lua5.2</Filter>
    </ClInclude>
    <ClInclude Include="lua5.2\lgc.h">
      <Filter>Lua\lua5.2</Filter>
    </ClInclude>
    <ClInclude Include="lua5.2\llex.h">
      <Filter>Lua\lua5.2</Filter>
    </ClInclude>
    <ClInclude Include="lua5.2\llimits.h">
      <Filter>Lua\lua5.2</Filter>
    </ClInclude>
    <ClInclude Include="lua5.2\lmem.h">
      <Filter>Lua\lua5.2</Filter>
    </ClInclude>
    <ClInclude Include="lua5.2\lobject.h">
      <Filter>Lua\lua5.2</Filter>
    </ClInclude>
    <ClInclude Include="lua5.2\lopcodes.h">
      <Filter>Lua\lua5.2</Filter>
    </ClInclude>
    <ClInclude Include="lua5.2\lparser.h">
      <Filter>Lua\lua5.2</Filter>
    </ClInclude>
    <ClInclude Include="lua5.2\lstate.h">
      <Filter>Lua\lua5.2</Filter>
    </ClInclude>
    <ClInclude Include="lua5.2\lstring.h">
      <Filter>Lua\lua5.2</Filter>
    </ClInclude>
    <ClInclude Include="lua5.2\ltable.h">
      <Filter>Lua\lua5.2</Filter>
    </ClInclude>
    <ClInclude Include="lua5.2\ltm.h">
      <Filter>Lua\lua5.2</Filter>
    </ClInclude>
    <ClInclude Include="lua5.2\lua.h">
      <Filter>Lua\lua5.2</Filter>
    </ClInclude>
    <ClInclude Include="lua5.2\lua.hpp">
      <Filter>Lua\lua5.2</Filter>
    </ClInclude>
    <ClInclude Include="lua5.2\luaconf.h">
      <Filter>Lua\lua5.2</Filter>
    </ClInclude>
    <ClInclude Include="lua5.2\lualib.h">
      <Filter>Lua\lua5.2</Filter>
    </ClInclude>
    <ClInclude Include="lua5.2\lundump.h">
      <Filter>Lua\lua5.2</Filter>
    </ClInclude>
    <ClInclude Include="lua5.2\lvm.h">
      <Filter>Lua\lua5.2</Filter>
    </ClInclude>
    <ClInclude Include="lua5.2\lzio.h">
      <Filter>Lua\lua5.2</Filter>
    </ClInclude>
    <ClInclude Include="SnowflakeID.h">
      <Filter>Arithmetic</Filter>
    </ClInclude>
    <ClInclude Include="LuaFunc.h">
      <Filter>Lua</Filter>
    </ClInclude>
    <ClInclude Include="LuaSql\luasql.h">
      <Filter>Lua\LuaSql</Filter>
    </ClInclude>
    <ClInclude Include="LuaCJson\dtoa_config.h">
      <Filter>Lua\LuaCJson</Filter>
    </ClInclude>
    <ClInclude Include="LuaCJson\fpconv.h">
      <Filter>Lua\LuaCJson</Filter>
    </ClInclude>
    <ClInclude Include="LuaCJson\strbuf.h">
      <Filter>Lua\LuaCJson</Filter>
    </ClInclude>
    <ClInclude Include="Lpeg\lpcap.h">
      <Filter>Lua\Lpeg</Filter>
    </ClInclude>
    <ClInclude Include="Lpeg\lpcode.h">
      <Filter>Lua\Lpeg</Filter>
    </ClInclude>
    <ClInclude Include="Lpeg\lpprint.h">
      <Filter>Lua\Lpeg</Filter>
    </ClInclude>
    <ClInclude Include="Lpeg\lptree.h">
      <Filter>Lua\Lpeg</Filter>
    </ClInclude>
    <ClInclude Include="Lpeg\lptypes.h">
      <Filter>Lua\Lpeg</Filter>
    </ClInclude>
    <ClInclude Include="Lpeg\lpvm.h">
      <Filter>Lua\Lpeg</Filter>
    </ClInclude>
    <ClInclude Include="pbc\alloc.h">
      <Filter>Lua\pbc</Filter>
    </ClInclude>
    <ClInclude Include="pbc\array.h">
      <Filter>Lua\pbc</Filter>
    </ClInclude>
    <ClInclude Include="pbc\bootstrap.h">
      <Filter>Lua\pbc</Filter>
    </ClInclude>
    <ClInclude Include="pbc\context.h">
      <Filter>Lua\pbc</Filter>
    </ClInclude>
    <ClInclude Include="pbc\descriptor.pbc.h">
      <Filter>Lua\pbc</Filter>
    </ClInclude>
    <ClInclude Include="pbc\map.h">
      <Filter>Lua\pbc</Filter>
    </ClInclude>
    <ClInclude Include="pbc\pattern.h">
      <Filter>Lua\pbc</Filter>
    </ClInclude>
    <ClInclude Include="pbc\pbc.h">
      <Filter>Lua\pbc</Filter>
    </ClInclude>
    <ClInclude Include="pbc\proto.h">
      <Filter>Lua\pbc</Filter>
    </ClInclude>
    <ClInclude Include="pbc\stringpool.h">
      <Filter>Lua\pbc</Filter>
    </ClInclude>
    <ClInclude Include="pbc\varint.h">
      <Filter>Lua\pbc</Filter>
    </ClInclude>
    <ClInclude Include="SHA1.h">
      <Filter>Encrypt\Sha1</Filter>
    </ClInclude>
    <ClInclude Include="HttpClient.h">
      <Filter>Base\NetWork\HttpClient</Filter>
    </ClInclude>
    <ClInclude Include="LinkOther.h">
      <Filter>Service\Server\Worker</Filter>
    </ClInclude>
    <ClInclude Include="TxtLoger.h">
      <Filter>Service\Log</Filter>
    </ClInclude>
    <ClInclude Include="DBLoger.h">
      <Filter>Service\Log</Filter>
    </ClInclude>
    <ClInclude Include="LuaSocket\auxiliar.h">
      <Filter>Lua\LuaSocket</Filter>
    </ClInclude>
    <ClInclude Include="LuaSocket\buffer.h">
      <Filter>Lua\LuaSocket</Filter>
    </ClInclude>
    <ClInclude Include="LuaSocket\except.h">
      <Filter>Lua\LuaSocket</Filter>
    </ClInclude>
    <ClInclude Include="LuaSocket\inet.h">
      <Filter>Lua\LuaSocket</Filter>
    </ClInclude>
    <ClInclude Include="LuaSocket\luasocket.h">
      <Filter>Lua\LuaSocket</Filter>
    </ClInclude>
    <ClInclude Include="LuaSocket\options.h">
      <Filter>Lua\LuaSocket</Filter>
    </ClInclude>
    <ClInclude Include="LuaSocket\pierror.h">
      <Filter>Lua\LuaSocket</Filter>
    </ClInclude>
    <ClInclude Include="LuaSocket\select.h">
      <Filter>Lua\LuaSocket</Filter>
    </ClInclude>
    <ClInclude Include="LuaSocket\socket.h">
      <Filter>Lua\LuaSocket</Filter>
    </ClInclude>
    <ClInclude Include="LuaSocket\tcp.h">
      <Filter>Lua\LuaSocket</Filter>
    </ClInclude>
    <ClInclude Include="LuaSocket\timeout.h">
      <Filter>Lua\LuaSocket</Filter>
    </ClInclude>
    <ClInclude Include="LuaSocket\udp.h">
      <Filter>Lua\LuaSocket</Filter>
    </ClInclude>
    <ClInclude Include="LuaSocket\usocket.h">
      <Filter>Lua\LuaSocket</Filter>
    </ClInclude>
    <ClInclude Include="LuaSocket\wsocket.h">
      <Filter>Lua\LuaSocket</Filter>
    </ClInclude>
    <ClInclude Include="LuaSocket\unix.h">
      <Filter>Lua\LuaSocket</Filter>
    </ClInclude>
    <ClInclude Include="LuaSocket\mime.h">
      <Filter>Lua\LuaSocket</Filter>
    </ClInclude>
    <ClInclude Include="LuaSocket\luasockio.h">
      <Filter>Lua\LuaSocket</Filter>
    </ClInclude>
    <ClInclude Include="WebSockParser.h">
      <Filter>Base\NetWork\Protocol</Filter>
    </ClInclude>
    <ClInclude Include="HttpParser.h">
      <Filter>Base\NetWork\Protocol</Filter>
    </ClInclude>
    <ClInclude Include="TcpParser.h">
      <Filter>Base\NetWork\Protocol</Filter>
    </ClInclude>
    <ClInclude Include="Binary.h">
      <Filter>Lua</Filter>
    </ClInclude>
    <ClInclude Include="QFilter.h">
      <Filter>Arithmetic</Filter>
    </ClInclude>
    <ClInclude Include="InitEventBase.h">
      <Filter>Base\NetWork</Filter>
    </ClInclude>
    <ClInclude Include="LockThis.h">
      <Filter>Base\Thread</Filter>
    </ClInclude>
    <ClInclude Include="zlib\crc32.h">
      <Filter>Encrypt\zlib</Filter>
    </ClInclude>
    <ClInclude Include="zlib\deflate.h">
      <Filter>Encrypt\zlib</Filter>
    </ClInclude>
    <ClInclude Include="zlib\gzguts.h">
      <Filter>Encrypt\zlib</Filter>
    </ClInclude>
    <ClInclude Include="zlib\inffast.h">
      <Filter>Encrypt\zlib</Filter>
    </ClInclude>
    <ClInclude Include="zlib\inffixed.h">
      <Filter>Encrypt\zlib</Filter>
    </ClInclude>
    <ClInclude Include="zlib\inflate.h">
      <Filter>Encrypt\zlib</Filter>
    </ClInclude>
    <ClInclude Include="zlib\inftrees.h">
      <Filter>Encrypt\zlib</Filter>
    </ClInclude>
    <ClInclude Include="zlib\trees.h">
      <Filter>Encrypt\zlib</Filter>
    </ClInclude>
    <ClInclude Include="zlib\zconf.h">
      <Filter>Encrypt\zlib</Filter>
    </ClInclude>
    <ClInclude Include="zlib\zlib.h">
      <Filter>Encrypt\zlib</Filter>
    </ClInclude>
    <ClInclude Include="zlib\zutil.h">
      <Filter>Encrypt\zlib</Filter>
    </ClInclude>
    <ClInclude Include="jwsmtp\mailer.h">
      <Filter>Service\Mail\jwsmtp</Filter>
    </ClInclude>
    <ClInclude Include="jwsmtp\compat.h">
      <Filter>Service\Mail\jwsmtp</Filter>
    </ClInclude>
    <ClInclude Include="jwsmtp\jwsmtp.h">
      <Filter>Service\Mail\jwsmtp</Filter>
    </ClInclude>
    <ClInclude Include="jwsmtp\jwsmtp_base64.h">
      <Filter>Service\Mail\jwsmtp</Filter>
    </ClInclude>
    <ClInclude Include="format.h">
      <Filter>Base\Common</Filter>
    </ClInclude>
    <ClInclude Include="ObjectPool.h">
      <Filter>Base\Common</Filter>
    </ClInclude>
    <ClInclude Include="Singleton.h">
      <Filter>Base\Common</Filter>
    </ClInclude>
    <ClInclude Include="BufferMgr.h">
      <Filter>Base\Common</Filter>
    </ClInclude>
    <ClInclude Include="TimerTrigger.h">
      <Filter>Service\TimerTrigger</Filter>
    </ClInclude>
    <ClInclude Include="RunStatus.h">
      <Filter>Base\Common</Filter>
    </ClInclude>
    <ClInclude Include="Encrypt.h">
      <Filter>Encrypt</Filter>
    </ClInclude>
    <ClInclude Include="MailSender.h">
      <Filter>Service\Mail</Filter>
    </ClInclude>
    <ClInclude Include="jsoncpp\json_tool.h">
      <Filter>Base\DataParser\Jsoncpp</Filter>
    </ClInclude>
    <ClInclude Include="jsoncpp\json\assertions.h">
      <Filter>Base\DataParser\Jsoncpp</Filter>
    </ClInclude>
    <ClInclude Include="jsoncpp\json\autolink.h">
      <Filter>Base\DataParser\Jsoncpp</Filter>
    </ClInclude>
    <ClInclude Include="jsoncpp\json\config.h">
      <Filter>Base\DataParser\Jsoncpp</Filter>
    </ClInclude>
    <ClInclude Include="jsoncpp\json\features.h">
      <Filter>Base\DataParser\Jsoncpp</Filter>
    </ClInclude>
    <ClInclude Include="jsoncpp\json\forwards.h">
      <Filter>Base\DataParser\Jsoncpp</Filter>
    </ClInclude>
    <ClInclude Include="jsoncpp\json\json.h">
      <Filter>Base\DataParser\Jsoncpp</Filter>
    </ClInclude>
    <ClInclude Include="jsoncpp\json\reader.h">
      <Filter>Base\DataParser\Jsoncpp</Filter>
    </ClInclude>
    <ClInclude Include="jsoncpp\json\value.h">
      <Filter>Base\DataParser\Jsoncpp</Filter>
    </ClInclude>
    <ClInclude Include="jsoncpp\json\version.h">
      <Filter>Base\DataParser\Jsoncpp</Filter>
    </ClInclude>
    <ClInclude Include="jsoncpp\json\writer.h">
      <Filter>Base\DataParser\Jsoncpp</Filter>
    </ClInclude>
    <ClInclude Include="zlib\zconf_linux.h">
      <Filter>Encrypt\zlib</Filter>
    </ClInclude>
    <ClInclude Include="zlib\zconf_win.h">
      <Filter>Encrypt\zlib</Filter>
    </ClInclude>
    <ClInclude Include="RSAEuro\des.h">
      <Filter>Encrypt\RSA\RSAEuro</Filter>
    </ClInclude>
    <ClInclude Include="RSAEuro\global.h">
      <Filter>Encrypt\RSA\RSAEuro</Filter>
    </ClInclude>
    <ClInclude Include="RSAEuro\md2.h">
      <Filter>Encrypt\RSA\RSAEuro</Filter>
    </ClInclude>
    <ClInclude Include="RSAEuro\md4.h">
      <Filter>Encrypt\RSA\RSAEuro</Filter>
    </ClInclude>
    <ClInclude Include="RSAEuro\md5.h">
      <Filter>Encrypt\RSA\RSAEuro</Filter>
    </ClInclude>
    <ClInclude Include="RSAEuro\nn.h">
      <Filter>Encrypt\RSA\RSAEuro</Filter>
    </ClInclude>
    <ClInclude Include="RSAEuro\prime.h">
      <Filter>Encrypt\RSA\RSAEuro</Filter>
    </ClInclude>
    <ClInclude Include="RSAEuro\r_random.h">
      <Filter>Encrypt\RSA\RSAEuro</Filter>
    </ClInclude>
    <ClInclude Include="RSAEuro\rsa.h">
      <Filter>Encrypt\RSA\RSAEuro</Filter>
    </ClInclude>
    <ClInclude Include="RSAEuro\rsaeuro.h">
      <Filter>Encrypt\RSA\RSAEuro</Filter>
    </ClInclude>
    <ClInclude Include="RSAEuro\rsaref.h">
      <Filter>Encrypt\RSA\RSAEuro</Filter>
    </ClInclude>
    <ClInclude Include="RSAEuro\shs.h">
      <Filter>Encrypt\RSA\RSAEuro</Filter>
    </ClInclude>
    <ClInclude Include="EventInterface.h">
      <Filter>Base\Common</Filter>
    </ClInclude>
    <ClInclude Include="CTask.h">
      <Filter>Base\Common</Filter>
    </ClInclude>
    <ClInclude Include="Exception.h">
      <Filter>Base\Common</Filter>
    </ClInclude>
    <ClInclude Include="Server.h">
      <Filter>Service\Server</Filter>
    </ClInclude>
    <ClInclude Include="QString.h">
      <Filter>Base\Common\String</Filter>
    </ClInclude>
    <ClInclude Include="Charset.h">
      <Filter>Base\Common\String</Filter>
    </ClInclude>
    <ClInclude Include="Ini.h">
      <Filter>Base\Common\File</Filter>
    </ClInclude>
    <ClInclude Include="TableFile.h">
      <Filter>Base\Common\File</Filter>
    </ClInclude>
    <ClInclude Include="File.h">
      <Filter>Base\Common\File</Filter>
    </ClInclude>
    <ClInclude Include="QTime.h">
      <Filter>Base\Common\Time</Filter>
    </ClInclude>
    <ClInclude Include="Timer.h">
      <Filter>Base\Common\Time</Filter>
    </ClInclude>
    <ClInclude Include="sigar\sigar.h">
      <Filter>Base\OS\sigar</Filter>
    </ClInclude>
    <ClInclude Include="sigar\sigar_fileinfo.h">
      <Filter>Base\OS\sigar</Filter>
    </ClInclude>
    <ClInclude Include="sigar\sigar_format.h">
      <Filter>Base\OS\sigar</Filter>
    </ClInclude>
    <ClInclude Include="sigar\sigar_getline.h">
      <Filter>Base\OS\sigar</Filter>
    </ClInclude>
    <ClInclude Include="sigar\sigar_log.h">
      <Filter>Base\OS\sigar</Filter>
    </ClInclude>
    <ClInclude Include="sigar\sigar_private.h">
      <Filter>Base\OS\sigar</Filter>
    </ClInclude>
    <ClInclude Include="sigar\sigar_ptql.h">
      <Filter>Base\OS\sigar</Filter>
    </ClInclude>
    <ClInclude Include="sigar\sigar_util.h">
      <Filter>Base\OS\sigar</Filter>
    </ClInclude>
    <ClInclude Include="sigar\win32\sigar_os.h">
      <Filter>Base\OS\sigar\win32</Filter>
    </ClInclude>
    <ClInclude Include="sigar\win32\sigar_pdh.h">
      <Filter>Base\OS\sigar\win32</Filter>
    </ClInclude>
    <ClInclude Include="LuaSigar\lua-sigar.h">
      <Filter>Lua\sigar</Filter>
    </ClInclude>
    <ClInclude Include="LuaFileSystem\lfs.h">
      <Filter>Lua\LuaFileSystem</Filter>
    </ClInclude>
    <ClInclude Include="CommEncrypt.h">
      <Filter>Encrypt</Filter>
    </ClInclude>
  </ItemGroup>
  <ItemGroup>
    <ClCompile Include="Log.cpp">
      <Filter>Service\Log</Filter>
    </ClCompile>
    <ClCompile Include="pugixml\pugixml.cpp">
      <Filter>Base\DataParser\Xml</Filter>
    </ClCompile>
    <ClCompile Include="DataBase.cpp">
      <Filter>DataBase</Filter>
    </ClCompile>
    <ClCompile Include="Sqlite\sqlite3.c">
      <Filter>DataBase\Sqlite3</Filter>
    </ClCompile>
    <ClCompile Include="Sqlite.cpp">
      <Filter>DataBase\Sqlite3</Filter>
    </ClCompile>
    <ClCompile Include="QMySQL.cpp">
      <Filter>DataBase\MySQL</Filter>
    </ClCompile>
    <ClCompile Include="rijndael\rijndael.cpp">
      <Filter>Encrypt\AES\rijndael</Filter>
    </ClCompile>
    <ClCompile Include="Session.cpp">
      <Filter>Service\Server\Session</Filter>
    </ClCompile>
    <ClCompile Include="SessionManager.cpp">
      <Filter>Service\Server\Session</Filter>
    </ClCompile>
    <ClCompile Include="WorkThreadEvent.cpp">
      <Filter>Service\Server\Worker</Filter>
    </ClCompile>
    <ClCompile Include="QBase.cpp" />
    <ClCompile Include="RSAKey.cpp">
      <Filter>Encrypt\RSA</Filter>
    </ClCompile>
    <ClCompile Include="AES.cpp">
      <Filter>Encrypt\AES</Filter>
    </ClCompile>
    <ClCompile Include="md5.cpp">
      <Filter>Encrypt\MD5</Filter>
    </ClCompile>
    <ClCompile Include="Base64.cpp">
      <Filter>Encrypt\Base64</Filter>
    </ClCompile>
    <ClCompile Include="Cond.cpp">
      <Filter>Base\Thread</Filter>
    </ClCompile>
    <ClCompile Include="Mutex.cpp">
      <Filter>Base\Thread</Filter>
    </ClCompile>
    <ClCompile Include="RWLock.cpp">
      <Filter>Base\Thread</Filter>
    </ClCompile>
    <ClCompile Include="Thread.cpp">
      <Filter>Base\Thread</Filter>
    </ClCompile>
    <ClCompile Include="ThreadPool.cpp">
      <Filter>Base\Thread</Filter>
    </ClCompile>
    <ClCompile Include="EventBuffer.cpp">
      <Filter>Base\NetWork</Filter>
    </ClCompile>
    <ClCompile Include="InitSock.cpp">
      <Filter>Base\NetWork</Filter>
    </ClCompile>
    <ClCompile Include="NETAddr.cpp">
      <Filter>Base\NetWork</Filter>
    </ClCompile>
    <ClCompile Include="SockPair.cpp">
      <Filter>Base\NetWork</Filter>
    </ClCompile>
    <ClCompile Include="SockPairEvent.cpp">
      <Filter>Base\NetWork</Filter>
    </ClCompile>
    <ClCompile Include="OSFunc.cpp">
      <Filter>Base\OS</Filter>
    </ClCompile>
    <ClCompile Include="Library.cpp">
      <Filter>Base\OS</Filter>
    </ClCompile>
    <ClCompile Include="CoreDump.cpp">
      <Filter>Base\OS</Filter>
    </ClCompile>
    <ClCompile Include="UUID.cpp">
      <Filter>Base\OS</Filter>
    </ClCompile>
    <ClCompile Include="QRSA.cpp">
      <Filter>Encrypt\RSA</Filter>
    </ClCompile>
    <ClCompile Include="uchardet\CharDistribution.cpp">
      <Filter>Base\Common\String\uchardet</Filter>
    </ClCompile>
    <ClCompile Include="uchardet\JpCntx.cpp">
      <Filter>Base\Common\String\uchardet</Filter>
    </ClCompile>
    <ClCompile Include="uchardet\LangBulgarianModel.cpp">
      <Filter>Base\Common\String\uchardet</Filter>
    </ClCompile>
    <ClCompile Include="uchardet\LangCyrillicModel.cpp">
      <Filter>Base\Common\String\uchardet</Filter>
    </ClCompile>
    <ClCompile Include="uchardet\LangGreekModel.cpp">
      <Filter>Base\Common\String\uchardet</Filter>
    </ClCompile>
    <ClCompile Include="uchardet\LangHebrewModel.cpp">
      <Filter>Base\Common\String\uchardet</Filter>
    </ClCompile>
    <ClCompile Include="uchardet\LangHungarianModel.cpp">
      <Filter>Base\Common\String\uchardet</Filter>
    </ClCompile>
    <ClCompile Include="uchardet\LangThaiModel.cpp">
      <Filter>Base\Common\String\uchardet</Filter>
    </ClCompile>
    <ClCompile Include="uchardet\nsBig5Prober.cpp">
      <Filter>Base\Common\String\uchardet</Filter>
    </ClCompile>
    <ClCompile Include="uchardet\nsCharSetProber.cpp">
      <Filter>Base\Common\String\uchardet</Filter>
    </ClCompile>
    <ClCompile Include="uchardet\nsEscCharsetProber.cpp">
      <Filter>Base\Common\String\uchardet</Filter>
    </ClCompile>
    <ClCompile Include="uchardet\nsEscSM.cpp">
      <Filter>Base\Common\String\uchardet</Filter>
    </ClCompile>
    <ClCompile Include="uchardet\nsEUCJPProber.cpp">
      <Filter>Base\Common\String\uchardet</Filter>
    </ClCompile>
    <ClCompile Include="uchardet\nsEUCKRProber.cpp">
      <Filter>Base\Common\String\uchardet</Filter>
    </ClCompile>
    <ClCompile Include="uchardet\nsEUCTWProber.cpp">
      <Filter>Base\Common\String\uchardet</Filter>
    </ClCompile>
    <ClCompile Include="uchardet\nsGB2312Prober.cpp">
      <Filter>Base\Common\String\uchardet</Filter>
    </ClCompile>
    <ClCompile Include="uchardet\nsHebrewProber.cpp">
      <Filter>Base\Common\String\uchardet</Filter>
    </ClCompile>
    <ClCompile Include="uchardet\nsLatin1Prober.cpp">
      <Filter>Base\Common\String\uchardet</Filter>
    </ClCompile>
    <ClCompile Include="uchardet\nsMBCSGroupProber.cpp">
      <Filter>Base\Common\String\uchardet</Filter>
    </ClCompile>
    <ClCompile Include="uchardet\nsMBCSSM.cpp">
      <Filter>Base\Common\String\uchardet</Filter>
    </ClCompile>
    <ClCompile Include="uchardet\nsSBCharSetProber.cpp">
      <Filter>Base\Common\String\uchardet</Filter>
    </ClCompile>
    <ClCompile Include="uchardet\nsSBCSGroupProber.cpp">
      <Filter>Base\Common\String\uchardet</Filter>
    </ClCompile>
    <ClCompile Include="uchardet\nsSJISProber.cpp">
      <Filter>Base\Common\String\uchardet</Filter>
    </ClCompile>
    <ClCompile Include="uchardet\nsUniversalDetector.cpp">
      <Filter>Base\Common\String\uchardet</Filter>
    </ClCompile>
    <ClCompile Include="uchardet\nsUTF8Prober.cpp">
      <Filter>Base\Common\String\uchardet</Filter>
    </ClCompile>
    <ClCompile Include="uchardet\uchardet.cpp">
      <Filter>Base\Common\String\uchardet</Filter>
    </ClCompile>
    <ClCompile Include="lua5.2\lapi.c">
      <Filter>Lua\lua5.2</Filter>
    </ClCompile>
    <ClCompile Include="lua5.2\lauxlib.c">
      <Filter>Lua\lua5.2</Filter>
    </ClCompile>
    <ClCompile Include="lua5.2\lbaselib.c">
      <Filter>Lua\lua5.2</Filter>
    </ClCompile>
    <ClCompile Include="lua5.2\lbitlib.c">
      <Filter>Lua\lua5.2</Filter>
    </ClCompile>
    <ClCompile Include="lua5.2\lcode.c">
      <Filter>Lua\lua5.2</Filter>
    </ClCompile>
    <ClCompile Include="lua5.2\lcorolib.c">
      <Filter>Lua\lua5.2</Filter>
    </ClCompile>
    <ClCompile Include="lua5.2\lctype.c">
      <Filter>Lua\lua5.2</Filter>
    </ClCompile>
    <ClCompile Include="lua5.2\ldblib.c">
      <Filter>Lua\lua5.2</Filter>
    </ClCompile>
    <ClCompile Include="lua5.2\ldebug.c">
      <Filter>Lua\lua5.2</Filter>
    </ClCompile>
    <ClCompile Include="lua5.2\ldo.c">
      <Filter>Lua\lua5.2</Filter>
    </ClCompile>
    <ClCompile Include="lua5.2\ldump.c">
      <Filter>Lua\lua5.2</Filter>
    </ClCompile>
    <ClCompile Include="lua5.2\lfunc.c">
      <Filter>Lua\lua5.2</Filter>
    </ClCompile>
    <ClCompile Include="lua5.2\lgc.c">
      <Filter>Lua\lua5.2</Filter>
    </ClCompile>
    <ClCompile Include="lua5.2\linit.c">
      <Filter>Lua\lua5.2</Filter>
    </ClCompile>
    <ClCompile Include="lua5.2\liolib.c">
      <Filter>Lua\lua5.2</Filter>
    </ClCompile>
    <ClCompile Include="lua5.2\llex.c">
      <Filter>Lua\lua5.2</Filter>
    </ClCompile>
    <ClCompile Include="lua5.2\lmathlib.c">
      <Filter>Lua\lua5.2</Filter>
    </ClCompile>
    <ClCompile Include="lua5.2\lmem.c">
      <Filter>Lua\lua5.2</Filter>
    </ClCompile>
    <ClCompile Include="lua5.2\loadlib.c">
      <Filter>Lua\lua5.2</Filter>
    </ClCompile>
    <ClCompile Include="lua5.2\lobject.c">
      <Filter>Lua\lua5.2</Filter>
    </ClCompile>
    <ClCompile Include="lua5.2\lopcodes.c">
      <Filter>Lua\lua5.2</Filter>
    </ClCompile>
    <ClCompile Include="lua5.2\loslib.c">
      <Filter>Lua\lua5.2</Filter>
    </ClCompile>
    <ClCompile Include="lua5.2\lparser.c">
      <Filter>Lua\lua5.2</Filter>
    </ClCompile>
    <ClCompile Include="lua5.2\lstate.c">
      <Filter>Lua\lua5.2</Filter>
    </ClCompile>
    <ClCompile Include="lua5.2\lstring.c">
      <Filter>Lua\lua5.2</Filter>
    </ClCompile>
    <ClCompile Include="lua5.2\lstrlib.c">
      <Filter>Lua\lua5.2</Filter>
    </ClCompile>
    <ClCompile Include="lua5.2\ltable.c">
      <Filter>Lua\lua5.2</Filter>
    </ClCompile>
    <ClCompile Include="lua5.2\ltablib.c">
      <Filter>Lua\lua5.2</Filter>
    </ClCompile>
    <ClCompile Include="lua5.2\ltm.c">
      <Filter>Lua\lua5.2</Filter>
    </ClCompile>
    <ClCompile Include="lua5.2\lundump.c">
      <Filter>Lua\lua5.2</Filter>
    </ClCompile>
    <ClCompile Include="lua5.2\lvm.c">
      <Filter>Lua\lua5.2</Filter>
    </ClCompile>
    <ClCompile Include="lua5.2\lzio.c">
      <Filter>Lua\lua5.2</Filter>
    </ClCompile>
    <ClCompile Include="SnowflakeID.cpp">
      <Filter>Arithmetic</Filter>
    </ClCompile>
    <ClCompile Include="LuaSql\ls_mysql.c">
      <Filter>Lua\LuaSql</Filter>
    </ClCompile>
    <ClCompile Include="LuaSql\ls_sqlite3.c">
      <Filter>Lua\LuaSql</Filter>
    </ClCompile>
    <ClCompile Include="LuaSql\luasql.c">
      <Filter>Lua\LuaSql</Filter>
    </ClCompile>
    <ClCompile Include="LuaCJson\dtoa.c">
      <Filter>Lua\LuaCJson</Filter>
    </ClCompile>
    <ClCompile Include="LuaCJson\g_fmt.c">
      <Filter>Lua\LuaCJson</Filter>
    </ClCompile>
    <ClCompile Include="LuaCJson\lua_cjson.c">
      <Filter>Lua\LuaCJson</Filter>
    </ClCompile>
    <ClCompile Include="LuaCJson\strbuf.c">
      <Filter>Lua\LuaCJson</Filter>
    </ClCompile>
    <ClCompile Include="Lpeg\lpcap.c">
      <Filter>Lua\Lpeg</Filter>
    </ClCompile>
    <ClCompile Include="Lpeg\lpcode.c">
      <Filter>Lua\Lpeg</Filter>
    </ClCompile>
    <ClCompile Include="Lpeg\lpprint.c">
      <Filter>Lua\Lpeg</Filter>
    </ClCompile>
    <ClCompile Include="Lpeg\lptree.c">
      <Filter>Lua\Lpeg</Filter>
    </ClCompile>
    <ClCompile Include="Lpeg\lpvm.c">
      <Filter>Lua\Lpeg</Filter>
    </ClCompile>
    <ClCompile Include="pbc\alloc.cpp">
      <Filter>Lua\pbc</Filter>
    </ClCompile>
    <ClCompile Include="pbc\array.cpp">
      <Filter>Lua\pbc</Filter>
    </ClCompile>
    <ClCompile Include="pbc\bootstrap.cpp">
      <Filter>Lua\pbc</Filter>
    </ClCompile>
    <ClCompile Include="pbc\context.cpp">
      <Filter>Lua\pbc</Filter>
    </ClCompile>
    <ClCompile Include="pbc\decode.cpp">
      <Filter>Lua\pbc</Filter>
    </ClCompile>
    <ClCompile Include="pbc\map.cpp">
      <Filter>Lua\pbc</Filter>
    </ClCompile>
    <ClCompile Include="pbc\pattern.cpp">
      <Filter>Lua\pbc</Filter>
    </ClCompile>
    <ClCompile Include="pbc\pbc-lua.cpp">
      <Filter>Lua\pbc</Filter>
    </ClCompile>
    <ClCompile Include="pbc\proto.cpp">
      <Filter>Lua\pbc</Filter>
    </ClCompile>
    <ClCompile Include="pbc\register.cpp">
      <Filter>Lua\pbc</Filter>
    </ClCompile>
    <ClCompile Include="pbc\rmessage.cpp">
      <Filter>Lua\pbc</Filter>
    </ClCompile>
    <ClCompile Include="pbc\stringpool.cpp">
      <Filter>Lua\pbc</Filter>
    </ClCompile>
    <ClCompile Include="pbc\varint.cpp">
      <Filter>Lua\pbc</Filter>
    </ClCompile>
    <ClCompile Include="pbc\wmessage.cpp">
      <Filter>Lua\pbc</Filter>
    </ClCompile>
    <ClCompile Include="SHA1.cpp">
      <Filter>Encrypt\Sha1</Filter>
    </ClCompile>
    <ClCompile Include="HttpClient.cpp">
      <Filter>Base\NetWork\HttpClient</Filter>
    </ClCompile>
    <ClCompile Include="LinkOther.cpp">
      <Filter>Service\Server\Worker</Filter>
    </ClCompile>
    <ClCompile Include="TxtLoger.cpp">
      <Filter>Service\Log</Filter>
    </ClCompile>
    <ClCompile Include="DBLoger.cpp">
      <Filter>Service\Log</Filter>
    </ClCompile>
    <ClCompile Include="LuaSocket\auxiliar.c">
      <Filter>Lua\LuaSocket</Filter>
    </ClCompile>
    <ClCompile Include="LuaSocket\buffer.c">
      <Filter>Lua\LuaSocket</Filter>
    </ClCompile>
    <ClCompile Include="LuaSocket\except.c">
      <Filter>Lua\LuaSocket</Filter>
    </ClCompile>
    <ClCompile Include="LuaSocket\inet.c">
      <Filter>Lua\LuaSocket</Filter>
    </ClCompile>
    <ClCompile Include="LuaSocket\luasocket.c">
      <Filter>Lua\LuaSocket</Filter>
    </ClCompile>
    <ClCompile Include="LuaSocket\options.c">
      <Filter>Lua\LuaSocket</Filter>
    </ClCompile>
    <ClCompile Include="LuaSocket\select.c">
      <Filter>Lua\LuaSocket</Filter>
    </ClCompile>
    <ClCompile Include="LuaSocket\tcp.c">
      <Filter>Lua\LuaSocket</Filter>
    </ClCompile>
    <ClCompile Include="LuaSocket\timeout.c">
      <Filter>Lua\LuaSocket</Filter>
    </ClCompile>
    <ClCompile Include="LuaSocket\udp.c">
      <Filter>Lua\LuaSocket</Filter>
    </ClCompile>
    <ClCompile Include="LuaSocket\usocket.c">
      <Filter>Lua\LuaSocket</Filter>
    </ClCompile>
    <ClCompile Include="LuaSocket\wsocket.c">
      <Filter>Lua\LuaSocket</Filter>
    </ClCompile>
    <ClCompile Include="LuaSocket\unix.c">
      <Filter>Lua\LuaSocket</Filter>
    </ClCompile>
    <ClCompile Include="LuaSocket\serial.c">
      <Filter>Lua\LuaSocket</Filter>
    </ClCompile>
    <ClCompile Include="LuaSocket\mime.c">
      <Filter>Lua\LuaSocket</Filter>
    </ClCompile>
    <ClCompile Include="LuaSocket\luasockio.c">
      <Filter>Lua\LuaSocket</Filter>
    </ClCompile>
    <ClCompile Include="WebSockParser.cpp">
      <Filter>Base\NetWork\Protocol</Filter>
    </ClCompile>
    <ClCompile Include="HttpParser.cpp">
      <Filter>Base\NetWork\Protocol</Filter>
    </ClCompile>
    <ClCompile Include="TcpParser.cpp">
      <Filter>Base\NetWork\Protocol</Filter>
    </ClCompile>
    <ClCompile Include="Binary.cpp">
      <Filter>Lua</Filter>
    </ClCompile>
    <ClCompile Include="QFilter.cpp">
      <Filter>Arithmetic</Filter>
    </ClCompile>
    <ClCompile Include="InitEventBase.cpp">
      <Filter>Base\NetWork</Filter>
    </ClCompile>
    <ClCompile Include="LockThis.cpp">
      <Filter>Base\Thread</Filter>
    </ClCompile>
    <ClCompile Include="zlib\adler32.c">
      <Filter>Encrypt\zlib</Filter>
    </ClCompile>
    <ClCompile Include="zlib\compress.c">
      <Filter>Encrypt\zlib</Filter>
    </ClCompile>
    <ClCompile Include="zlib\crc32.c">
      <Filter>Encrypt\zlib</Filter>
    </ClCompile>
    <ClCompile Include="zlib\deflate.c">
      <Filter>Encrypt\zlib</Filter>
    </ClCompile>
    <ClCompile Include="zlib\gzclose.c">
      <Filter>Encrypt\zlib</Filter>
    </ClCompile>
    <ClCompile Include="zlib\gzlib.c">
      <Filter>Encrypt\zlib</Filter>
    </ClCompile>
    <ClCompile Include="zlib\gzread.c">
      <Filter>Encrypt\zlib</Filter>
    </ClCompile>
    <ClCompile Include="zlib\gzwrite.c">
      <Filter>Encrypt\zlib</Filter>
    </ClCompile>
    <ClCompile Include="zlib\infback.c">
      <Filter>Encrypt\zlib</Filter>
    </ClCompile>
    <ClCompile Include="zlib\inffast.c">
      <Filter>Encrypt\zlib</Filter>
    </ClCompile>
    <ClCompile Include="zlib\inflate.c">
      <Filter>Encrypt\zlib</Filter>
    </ClCompile>
    <ClCompile Include="zlib\inftrees.c">
      <Filter>Encrypt\zlib</Filter>
    </ClCompile>
    <ClCompile Include="zlib\trees.c">
      <Filter>Encrypt\zlib</Filter>
    </ClCompile>
    <ClCompile Include="zlib\uncompr.c">
      <Filter>Encrypt\zlib</Filter>
    </ClCompile>
    <ClCompile Include="zlib\zutil.c">
      <Filter>Encrypt\zlib</Filter>
    </ClCompile>
    <ClCompile Include="jwsmtp\compat.cpp">
      <Filter>Service\Mail\jwsmtp</Filter>
    </ClCompile>
    <ClCompile Include="jwsmtp\jwsmtp_base64.cpp">
      <Filter>Service\Mail\jwsmtp</Filter>
    </ClCompile>
    <ClCompile Include="jwsmtp\mailer.cpp">
      <Filter>Service\Mail\jwsmtp</Filter>
    </ClCompile>
    <ClCompile Include="format.cpp">
      <Filter>Base\Common</Filter>
    </ClCompile>
    <ClCompile Include="BufferMgr.cpp">
      <Filter>Base\Common</Filter>
    </ClCompile>
    <ClCompile Include="TimerTrigger.cpp">
      <Filter>Service\TimerTrigger</Filter>
    </ClCompile>
    <ClCompile Include="Encrypt.cpp">
      <Filter>Encrypt</Filter>
    </ClCompile>
    <ClCompile Include="MailSender.cpp">
      <Filter>Service\Mail</Filter>
    </ClCompile>
    <ClCompile Include="jsoncpp\json_reader.cpp">
      <Filter>Base\DataParser\Jsoncpp</Filter>
    </ClCompile>
    <ClCompile Include="jsoncpp\json_value.cpp">
      <Filter>Base\DataParser\Jsoncpp</Filter>
    </ClCompile>
    <ClCompile Include="jsoncpp\json_writer.cpp">
      <Filter>Base\DataParser\Jsoncpp</Filter>
    </ClCompile>
    <ClCompile Include="RSAEuro\desc.c">
      <Filter>Encrypt\RSA\RSAEuro</Filter>
    </ClCompile>
    <ClCompile Include="RSAEuro\md2c.c">
      <Filter>Encrypt\RSA\RSAEuro</Filter>
    </ClCompile>
    <ClCompile Include="RSAEuro\md4c.c">
      <Filter>Encrypt\RSA\RSAEuro</Filter>
    </ClCompile>
    <ClCompile Include="RSAEuro\md5c.c">
      <Filter>Encrypt\RSA\RSAEuro</Filter>
    </ClCompile>
    <ClCompile Include="RSAEuro\nn.c">
      <Filter>Encrypt\RSA\RSAEuro</Filter>
    </ClCompile>
    <ClCompile Include="RSAEuro\prime.c">
      <Filter>Encrypt\RSA\RSAEuro</Filter>
    </ClCompile>
    <ClCompile Include="RSAEuro\r_dh.c">
      <Filter>Encrypt\RSA\RSAEuro</Filter>
    </ClCompile>
    <ClCompile Include="RSAEuro\r_encode.c">
      <Filter>Encrypt\RSA\RSAEuro</Filter>
    </ClCompile>
    <ClCompile Include="RSAEuro\r_enhanc.c">
      <Filter>Encrypt\RSA\RSAEuro</Filter>
    </ClCompile>
    <ClCompile Include="RSAEuro\r_keygen.c">
      <Filter>Encrypt\RSA\RSAEuro</Filter>
    </ClCompile>
    <ClCompile Include="RSAEuro\r_random.c">
      <Filter>Encrypt\RSA\RSAEuro</Filter>
    </ClCompile>
    <ClCompile Include="RSAEuro\r_stdlib.c">
      <Filter>Encrypt\RSA\RSAEuro</Filter>
    </ClCompile>
    <ClCompile Include="RSAEuro\rsa.c">
      <Filter>Encrypt\RSA\RSAEuro</Filter>
    </ClCompile>
    <ClCompile Include="RSAEuro\shsc.c">
      <Filter>Encrypt\RSA\RSAEuro</Filter>
    </ClCompile>
    <ClCompile Include="Exception.cpp">
      <Filter>Base\Common</Filter>
    </ClCompile>
    <ClCompile Include="Server.cpp">
      <Filter>Service\Server</Filter>
    </ClCompile>
    <ClCompile Include="QString.cpp">
      <Filter>Base\Common\String</Filter>
    </ClCompile>
    <ClCompile Include="Charset.cpp">
      <Filter>Base\Common\String</Filter>
    </ClCompile>
    <ClCompile Include="Ini.cpp">
      <Filter>Base\Common\File</Filter>
    </ClCompile>
    <ClCompile Include="TableFile.cpp">
      <Filter>Base\Common\File</Filter>
    </ClCompile>
    <ClCompile Include="File.cpp">
      <Filter>Base\Common\File</Filter>
    </ClCompile>
    <ClCompile Include="QTime.cpp">
      <Filter>Base\Common\Time</Filter>
    </ClCompile>
    <ClCompile Include="Timer.cpp">
      <Filter>Base\Common\Time</Filter>
    </ClCompile>
    <ClCompile Include="sigar\sigar.c">
      <Filter>Base\OS\sigar</Filter>
    </ClCompile>
    <ClCompile Include="sigar\sigar_cache.c">
      <Filter>Base\OS\sigar</Filter>
    </ClCompile>
    <ClCompile Include="sigar\sigar_fileinfo.c">
      <Filter>Base\OS\sigar</Filter>
    </ClCompile>
    <ClCompile Include="sigar\sigar_format.c">
      <Filter>Base\OS\sigar</Filter>
    </ClCompile>
    <ClCompile Include="sigar\sigar_getline.c">
      <Filter>Base\OS\sigar</Filter>
    </ClCompile>
    <ClCompile Include="sigar\sigar_ptql.c">
      <Filter>Base\OS\sigar</Filter>
    </ClCompile>
    <ClCompile Include="sigar\sigar_signal.c">
      <Filter>Base\OS\sigar</Filter>
    </ClCompile>
    <ClCompile Include="sigar\sigar_util.c">
      <Filter>Base\OS\sigar</Filter>
    </ClCompile>
    <ClCompile Include="sigar\win32\peb.c">
      <Filter>Base\OS\sigar\win32</Filter>
    </ClCompile>
    <ClCompile Include="sigar\win32\win32_sigar.c">
      <Filter>Base\OS\sigar\win32</Filter>
    </ClCompile>
    <ClCompile Include="sigar\win32\wmi.cpp">
      <Filter>Base\OS\sigar\win32</Filter>
    </ClCompile>
    <ClCompile Include="LuaSigar\sigar-cpu.c">
      <Filter>Lua\sigar</Filter>
    </ClCompile>
    <ClCompile Include="LuaSigar\sigar-disk.c">
      <Filter>Lua\sigar</Filter>
    </ClCompile>
    <ClCompile Include="LuaSigar\sigar-fs.c">
      <Filter>Lua\sigar</Filter>
    </ClCompile>
    <ClCompile Include="LuaSigar\sigar-mem.c">
      <Filter>Lua\sigar</Filter>
    </ClCompile>
    <ClCompile Include="LuaSigar\sigar-netif.c">
      <Filter>Lua\sigar</Filter>
    </ClCompile>
    <ClCompile Include="LuaSigar\sigar-proc.c">
      <Filter>Lua\sigar</Filter>
    </ClCompile>
    <ClCompile Include="LuaSigar\sigar-swap.c">
      <Filter>Lua\sigar</Filter>
    </ClCompile>
    <ClCompile Include="LuaSigar\sigar-sysinfo.c">
      <Filter>Lua\sigar</Filter>
    </ClCompile>
    <ClCompile Include="LuaSigar\sigar-version.c">
      <Filter>Lua\sigar</Filter>
    </ClCompile>
    <ClCompile Include="LuaSigar\sigar-who.c">
      <Filter>Lua\sigar</Filter>
    </ClCompile>
    <ClCompile Include="LuaSigar\lua-sigar.c">
      <Filter>Lua\sigar</Filter>
    </ClCompile>
    <ClCompile Include="sigar\sigar_version_autoconf.c">
      <Filter>Base\OS\sigar</Filter>
    </ClCompile>
    <ClCompile Include="LuaFileSystem\lfs.c">
      <Filter>Lua\LuaFileSystem</Filter>
    </ClCompile>
    <ClCompile Include="CommEncrypt.cpp">
      <Filter>Encrypt</Filter>
    </ClCompile>
  </ItemGroup>
  <ItemGroup>
    <None Include="uchardet\Big5Freq.tab">
      <Filter>Base\Common\String\uchardet</Filter>
    </None>
    <None Include="uchardet\EUCKRFreq.tab">
      <Filter>Base\Common\String\uchardet</Filter>
    </None>
    <None Include="uchardet\EUCTWFreq.tab">
      <Filter>Base\Common\String\uchardet</Filter>
    </None>
    <None Include="uchardet\GB2312Freq.tab">
      <Filter>Base\Common\String\uchardet</Filter>
    </None>
    <None Include="uchardet\JISFreq.tab">
      <Filter>Base\Common\String\uchardet</Filter>
    </None>
    <None Include="jsoncpp\json_valueiterator.inl">
      <Filter>Base\DataParser\Jsoncpp</Filter>
    </None>
    <None Include="RSAEuro\des386.s">
      <Filter>Encrypt\RSA\RSAEuro</Filter>
    </None>
    <None Include="RSAEuro\rsa68k.s">
      <Filter>Encrypt\RSA\RSAEuro</Filter>
    </None>
    <None Include="RSAEuro\rsa386.s">
      <Filter>Encrypt\RSA\RSAEuro</Filter>
    </None>
    <None Include="RSAEuro\rsasparc.s">
      <Filter>Encrypt\RSA\RSAEuro</Filter>
    </None>
  </ItemGroup>
</Project>